
Microsoft Visual Studio Solution File, Format Version 12.00
# Visual Studio Version 17
VisualStudioVersion = 17.0.31903.59
MinimumVisualStudioVersion = 10.0.40219.1
Project("{FAE04EC0-301F-11D3-BF4B-00C04F79EFBC}") = "API", "API\API.csproj", "{FA4A0495-5F25-4EA3-9C5D-73D16C627144}"
EndProject
Project("{FAE04EC0-301F-11D3-BF4B-00C04F79EFBC}") = "Core", "Core\Core.csproj", "{7E4D0E5D-BCAA-49CE-BE3A-1A88F59CE229}"
EndProject
Project("{FAE04EC0-301F-11D3-BF4B-00C04F79EFBC}") = "Infrastructure", "Infrastructure\Infrastructure.csproj", "{E8393B02-4D44-4299-BCC4-00FB65901BEE}"
EndProject
Global
	GlobalSection(SolutionConfigurationPlatforms) = preSolution
		Debug|Any CPU = Debug|Any CPU
		Release|Any CPU = Release|Any CPU
	EndGlobalSection
	GlobalSection(SolutionProperties) = preSolution
		HideSolutionNode = FALSE
	EndGlobalSection
	GlobalSection(ProjectConfigurationPlatforms) = postSolution
		{FA4A0495-5F25-4EA3-9C5D-73D16C627144}.Debug|Any CPU.ActiveCfg = Debug|Any CPU
		{FA4A0495-5F25-4EA3-9C5D-73D16C627144}.Debug|Any CPU.Build.0 = Debug|Any CPU
		{FA4A0495-5F25-4EA3-9C5D-73D16C627144}.Release|Any CPU.ActiveCfg = Release|Any CPU
		{FA4A0495-5F25-4EA3-9C5D-73D16C627144}.Release|Any CPU.Build.0 = Release|Any CPU
		{7E4D0E5D-BCAA-49CE-BE3A-1A88F59CE229}.Debug|Any CPU.ActiveCfg = Debug|Any CPU
		{7E4D0E5D-BCAA-49CE-BE3A-1A88F59CE229}.Debug|Any CPU.Build.0 = Debug|Any CPU
		{7E4D0E5D-BCAA-49CE-BE3A-1A88F59CE229}.Release|Any CPU.ActiveCfg = Release|Any CPU
		{7E4D0E5D-BCAA-49CE-BE3A-1A88F59CE229}.Release|Any CPU.Build.0 = Release|Any CPU
		{E8393B02-4D44-4299-BCC4-00FB65901BEE}.Debug|Any CPU.ActiveCfg = Debug|Any CPU
		{E8393B02-4D44-4299-BCC4-00FB65901BEE}.Debug|Any CPU.Build.0 = Debug|Any CPU
		{E8393B02-4D44-4299-BCC4-00FB65901BEE}.Release|Any CPU.ActiveCfg = Release|Any CPU
		{E8393B02-4D44-4299-BCC4-00FB65901BEE}.Release|Any CPU.Build.0 = Release|Any CPU
	EndGlobalSection
EndGlobal
